
Microsoft Visual Studio Solution File, Format Version 12.00
# Visual Studio Version 17
VisualStudioVersion = 17.1.32319.34
MinimumVisualStudioVersion = 10.0.40219.1
Project("{FAE04EC0-301F-11D3-BF4B-00C04F79EFBC}") = "HeadlessTerrariaClient", "HeadlessTerrariaClient\HeadlessTerrariaClient.csproj", "{23104B42-1904-4E7E-8892-4DD7665B74F4}"
EndProject
Global
	GlobalSection(SolutionConfigurationPlatforms) = preSolution
		Debug|Any CPU = Debug|Any CPU
		Release|Any CPU = Release|Any CPU
	EndGlobalSection
	GlobalSection(ProjectConfigurationPlatforms) = postSolution
		{23104B42-1904-4E7E-8892-4DD7665B74F4}.Debug|Any CPU.ActiveCfg = Debug|Any CPU
		{23104B42-1904-4E7E-8892-4DD7665B74F4}.Debug|Any CPU.Build.0 = Debug|Any CPU
		{23104B42-1904-4E7E-8892-4DD7665B74F4}.Release|Any CPU.ActiveCfg = Release|Any CPU
		{23104B42-1904-4E7E-8892-4DD7665B74F4}.Release|Any CPU.Build.0 = Release|Any CPU
	EndGlobalSection
	GlobalSection(SolutionProperties) = preSolution
		HideSolutionNode = FALSE
	EndGlobalSection
	GlobalSection(ExtensibilityGlobals) = postSolution
		SolutionGuid = {DA127507-AAE9-4C0F-92B3-688FA2798CD3}
	EndGlobalSection
EndGlobal
